
Microsoft Visual Studio Solution File, Format Version 12.00
# Visual Studio Version 16
VisualStudioVersion = 16.0.32228.343
MinimumVisualStudioVersion = 10.0.40219.1
Project("{FAE04EC0-301F-11D3-BF4B-00C04F79EFBC}") = "SoundClassification", "soundclassification\SoundClassification.csproj", "{FB55EEBF-6905-4341-855C-0797AFC56FC4}"
EndProject
Project("{FAE04EC0-301F-11D3-BF4B-00C04F79EFBC}") = "SoundClassificationConsoleApp", "SoundClassificationConsoleApp\SoundClassificationConsoleApp.csproj", "{C96E653D-A466-4B04-BAD7-2AFD2BE82CEA}"
EndProject
Global
	GlobalSection(SolutionConfigurationPlatforms) = preSolution
		Debug|Any CPU = Debug|Any CPU
		Release|Any CPU = Release|Any CPU
	EndGlobalSection
	GlobalSection(ProjectConfigurationPlatforms) = postSolution
		{FB55EEBF-6905-4341-855C-0797AFC56FC4}.Debug|Any CPU.ActiveCfg = Debug|Any CPU
		{FB55EEBF-6905-4341-855C-0797AFC56FC4}.Debug|Any CPU.Build.0 = Debug|Any CPU
		{FB55EEBF-6905-4341-855C-0797AFC56FC4}.Release|Any CPU.ActiveCfg = Release|Any CPU
		{FB55EEBF-6905-4341-855C-0797AFC56FC4}.Release|Any CPU.Build.0 = Release|Any CPU
		{C96E653D-A466-4B04-BAD7-2AFD2BE82CEA}.Debug|Any CPU.ActiveCfg = Debug|Any CPU
		{C96E653D-A466-4B04-BAD7-2AFD2BE82CEA}.Debug|Any CPU.Build.0 = Debug|Any CPU
		{C96E653D-A466-4B04-BAD7-2AFD2BE82CEA}.Release|Any CPU.ActiveCfg = Release|Any CPU
		{C96E653D-A466-4B04-BAD7-2AFD2BE82CEA}.Release|Any CPU.Build.0 = Release|Any CPU
	EndGlobalSection
	GlobalSection(SolutionProperties) = preSolution
		HideSolutionNode = FALSE
	EndGlobalSection
	GlobalSection(ExtensibilityGlobals) = postSolution
		SolutionGuid = {69B8A476-09C6-4B8D-9E61-2F2D233A2CD1}
	EndGlobalSection
EndGlobal
